// !$*UTF8*$!
{
	archiveVersion = 1;
	classes = {
	};
	objectVersion = 48;
	objects = {

/* Begin PBXBuildFile section */
		149907401FD8743E00A61BE1 /* AppDelegate.swift in Sources */ = {isa = PBXBuildFile; fileRef = 1499073F1FD8743E00A61BE1 /* AppDelegate.swift */; };
		149907421FD8743E00A61BE1 /* ViewController.swift in Sources */ = {isa = PBXBuildFile; fileRef = 149907411FD8743E00A61BE1 /* ViewController.swift */; };
		149907451FD8743E00A61BE1 /* Main.storyboard in Resources */ = {isa = PBXBuildFile; fileRef = 149907431FD8743E00A61BE1 /* Main.storyboard */; };
		149907471FD8743E00A61BE1 /* Assets.xcassets in Resources */ = {isa = PBXBuildFile; fileRef = 149907461FD8743E00A61BE1 /* Assets.xcassets */; };
		1499074A1FD8743E00A61BE1 /* LaunchScreen.storyboard in Resources */ = {isa = PBXBuildFile; fileRef = 149907481FD8743E00A61BE1 /* LaunchScreen.storyboard */; };
		149907521FD87B6600A61BE1 /* Defaults.swift in Sources */ = {isa = PBXBuildFile; fileRef = 149907511FD87B6600A61BE1 /* Defaults.swift */; };
		149907541FD890C400A61BE1 /* Secrets.swift in Sources */ = {isa = PBXBuildFile; fileRef = 149907531FD890C400A61BE1 /* Secrets.swift */; };
		149907701FD893D700A61BE1 /* SpotifyAuthentication.framework in Frameworks */ = {isa = PBXBuildFile; fileRef = 1499076F1FD893D700A61BE1 /* SpotifyAuthentication.framework */; };
		149907721FD8941600A61BE1 /* SpotifyAuthentication.framework in Embed Frameworks */ = {isa = PBXBuildFile; fileRef = 1499076F1FD893D700A61BE1 /* SpotifyAuthentication.framework */; settings = {ATTRIBUTES = (CodeSignOnCopy, RemoveHeadersOnCopy, ); }; };
		149907741FD8947800A61BE1 /* SpotifyManager.swift in Sources */ = {isa = PBXBuildFile; fileRef = 149907731FD8947800A61BE1 /* SpotifyManager.swift */; };
		14E5C8BC1FD8CF38002A2DCC /* TrackResponse.swift in Sources */ = {isa = PBXBuildFile; fileRef = 14E5C8BB1FD8CF38002A2DCC /* TrackResponse.swift */; };
		14E5C8BE1FD8CF43002A2DCC /* ObjectTypeResponse.swift in Sources */ = {isa = PBXBuildFile; fileRef = 14E5C8BD1FD8CF43002A2DCC /* ObjectTypeResponse.swift */; };
		14E5C8C01FD8CF4C002A2DCC /* PlaylistItemResponse.swift in Sources */ = {isa = PBXBuildFile; fileRef = 14E5C8BF1FD8CF4C002A2DCC /* PlaylistItemResponse.swift */; };
		14E5C8C21FD8CF5B002A2DCC /* PlaylistTracksResponse.swift in Sources */ = {isa = PBXBuildFile; fileRef = 14E5C8C11FD8CF5B002A2DCC /* PlaylistTracksResponse.swift */; };
		14E5C8C41FD8CF69002A2DCC /* ContextResponse.swift in Sources */ = {isa = PBXBuildFile; fileRef = 14E5C8C31FD8CF69002A2DCC /* ContextResponse.swift */; };
		14E5C8C61FD8CF7D002A2DCC /* PlaybackResponse.swift in Sources */ = {isa = PBXBuildFile; fileRef = 14E5C8C51FD8CF7D002A2DCC /* PlaybackResponse.swift */; };
		14E5C8C81FD8D09F002A2DCC /* DeviceResponse.swift in Sources */ = {isa = PBXBuildFile; fileRef = 14E5C8C71FD8D09F002A2DCC /* DeviceResponse.swift */; };
		14E5C8CA1FD8DBC5002A2DCC /* PlaylistResponse.swift in Sources */ = {isa = PBXBuildFile; fileRef = 14E5C8C91FD8DBC5002A2DCC /* PlaylistResponse.swift */; };
		14E5C8CE1FD8E5E4002A2DCC /* WKROperation.swift in Sources */ = {isa = PBXBuildFile; fileRef = 14E5C8CD1FD8E5E4002A2DCC /* WKROperation.swift */; };
		14E5C8D01FD8E905002A2DCC /* ProfileResponse.swift in Sources */ = {isa = PBXBuildFile; fileRef = 14E5C8CF1FD8E905002A2DCC /* ProfileResponse.swift */; };
/* End PBXBuildFile section */

/* Begin PBXCopyFilesBuildPhase section */
		149907681FD8925900A61BE1 /* Embed Frameworks */ = {
			isa = PBXCopyFilesBuildPhase;
			buildActionMask = 8;
			dstPath = "";
			dstSubfolderSpec = 10;
			files = (
				149907721FD8941600A61BE1 /* SpotifyAuthentication.framework in Embed Frameworks */,
			);
			name = "Embed Frameworks";
			runOnlyForDeploymentPostprocessing = 1;
		};
/* End PBXCopyFilesBuildPhase section */

/* Begin PBXFileReference section */
		1499073C1FD8743E00A61BE1 /* SpotifyShuffler.app */ = {isa = PBXFileReference; explicitFileType = wrapper.application; includeInIndex = 0; path = SpotifyShuffler.app; sourceTree = BUILT_PRODUCTS_DIR; };
		1499073F1FD8743E00A61BE1 /* AppDelegate.swift */ = {isa = PBXFileReference; lastKnownFileType = sourcecode.swift; path = AppDelegate.swift; sourceTree = "<group>"; };
		149907411FD8743E00A61BE1 /* ViewController.swift */ = {isa = PBXFileReference; lastKnownFileType = sourcecode.swift; path = ViewController.swift; sourceTree = "<group>"; };
		149907441FD8743E00A61BE1 /* Base */ = {isa = PBXFileReference; lastKnownFileType = file.storyboard; name = Base; path = Base.lproj/Main.storyboard; sourceTree = "<group>"; };
		149907461FD8743E00A61BE1 /* Assets.xcassets */ = {isa = PBXFileReference; lastKnownFileType = folder.assetcatalog; path = Assets.xcassets; sourceTree = "<group>"; };
		149907491FD8743E00A61BE1 /* Base */ = {isa = PBXFileReference; lastKnownFileType = file.storyboard; name = Base; path = Base.lproj/LaunchScreen.storyboard; sourceTree = "<group>"; };
		1499074B1FD8743E00A61BE1 /* Info.plist */ = {isa = PBXFileReference; lastKnownFileType = text.plist.xml; path = Info.plist; sourceTree = "<group>"; };
		149907511FD87B6600A61BE1 /* Defaults.swift */ = {isa = PBXFileReference; lastKnownFileType = sourcecode.swift; path = Defaults.swift; sourceTree = "<group>"; };
		149907531FD890C400A61BE1 /* Secrets.swift */ = {isa = PBXFileReference; lastKnownFileType = sourcecode.swift; path = Secrets.swift; sourceTree = "<group>"; };
		1499076F1FD893D700A61BE1 /* SpotifyAuthentication.framework */ = {isa = PBXFileReference; lastKnownFileType = wrapper.framework; name = SpotifyAuthentication.framework; path = Spotify/SpotifyAuthentication.framework; sourceTree = "<group>"; };
		149907731FD8947800A61BE1 /* SpotifyManager.swift */ = {isa = PBXFileReference; lastKnownFileType = sourcecode.swift; path = SpotifyManager.swift; sourceTree = "<group>"; };
		149907751FD894A200A61BE1 /* SpotifyShuffler-Bridging-Header.h */ = {isa = PBXFileReference; lastKnownFileType = sourcecode.c.h; path = "SpotifyShuffler-Bridging-Header.h"; sourceTree = "<group>"; };
		14E5C8BB1FD8CF38002A2DCC /* TrackResponse.swift */ = {isa = PBXFileReference; lastKnownFileType = sourcecode.swift; path = TrackResponse.swift; sourceTree = "<group>"; };
		14E5C8BD1FD8CF43002A2DCC /* ObjectTypeResponse.swift */ = {isa = PBXFileReference; lastKnownFileType = sourcecode.swift; path = ObjectTypeResponse.swift; sourceTree = "<group>"; };
		14E5C8BF1FD8CF4C002A2DCC /* PlaylistItemResponse.swift */ = {isa = PBXFileReference; lastKnownFileType = sourcecode.swift; path = PlaylistItemResponse.swift; sourceTree = "<group>"; };
		14E5C8C11FD8CF5B002A2DCC /* PlaylistTracksResponse.swift */ = {isa = PBXFileReference; lastKnownFileType = sourcecode.swift; path = PlaylistTracksResponse.swift; sourceTree = "<group>"; };
		14E5C8C31FD8CF69002A2DCC /* ContextResponse.swift */ = {isa = PBXFileReference; lastKnownFileType = sourcecode.swift; path = ContextResponse.swift; sourceTree = "<group>"; };
		14E5C8C51FD8CF7D002A2DCC /* PlaybackResponse.swift */ = {isa = PBXFileReference; lastKnownFileType = sourcecode.swift; path = PlaybackResponse.swift; sourceTree = "<group>"; };
		14E5C8C71FD8D09F002A2DCC /* DeviceResponse.swift */ = {isa = PBXFileReference; lastKnownFileType = sourcecode.swift; path = DeviceResponse.swift; sourceTree = "<group>"; };
		14E5C8C91FD8DBC5002A2DCC /* PlaylistResponse.swift */ = {isa = PBXFileReference; lastKnownFileType = sourcecode.swift; path = PlaylistResponse.swift; sourceTree = "<group>"; };
		14E5C8CD1FD8E5E4002A2DCC /* WKROperation.swift */ = {isa = PBXFileReference; fileEncoding = 4; lastKnownFileType = sourcecode.swift; path = WKROperation.swift; sourceTree = "<group>"; };
		14E5C8CF1FD8E905002A2DCC /* ProfileResponse.swift */ = {isa = PBXFileReference; lastKnownFileType = sourcecode.swift; path = ProfileResponse.swift; sourceTree = "<group>"; };
/* End PBXFileReference section */

/* Begin PBXFrameworksBuildPhase section */
		149907391FD8743E00A61BE1 /* Frameworks */ = {
			isa = PBXFrameworksBuildPhase;
			buildActionMask = 2147483647;
			files = (
				149907701FD893D700A61BE1 /* SpotifyAuthentication.framework in Frameworks */,
			);
			runOnlyForDeploymentPostprocessing = 0;
		};
/* End PBXFrameworksBuildPhase section */

/* Begin PBXGroup section */
		149907331FD8743E00A61BE1 = {
			isa = PBXGroup;
			children = (
				1499073E1FD8743E00A61BE1 /* SpotifyShuffler */,
				1499073D1FD8743E00A61BE1 /* Products */,
			);
			sourceTree = "<group>";
		};
		1499073D1FD8743E00A61BE1 /* Products */ = {
			isa = PBXGroup;
			children = (
				1499073C1FD8743E00A61BE1 /* SpotifyShuffler.app */,
			);
			name = Products;
			sourceTree = "<group>";
		};
		1499073E1FD8743E00A61BE1 /* SpotifyShuffler */ = {
			isa = PBXGroup;
			children = (
				1499073F1FD8743E00A61BE1 /* AppDelegate.swift */,
				149907411FD8743E00A61BE1 /* ViewController.swift */,
				149907511FD87B6600A61BE1 /* Defaults.swift */,
				149907531FD890C400A61BE1 /* Secrets.swift */,
				149907731FD8947800A61BE1 /* SpotifyManager.swift */,
				14E5C8CF1FD8E905002A2DCC /* ProfileResponse.swift */,
				14E5C8C71FD8D09F002A2DCC /* DeviceResponse.swift */,
				14E5C8C51FD8CF7D002A2DCC /* PlaybackResponse.swift */,
				14E5C8C11FD8CF5B002A2DCC /* PlaylistTracksResponse.swift */,
				14E5C8C91FD8DBC5002A2DCC /* PlaylistResponse.swift */,
				14E5C8C31FD8CF69002A2DCC /* ContextResponse.swift */,
				14E5C8BF1FD8CF4C002A2DCC /* PlaylistItemResponse.swift */,
				14E5C8BB1FD8CF38002A2DCC /* TrackResponse.swift */,
				14E5C8BD1FD8CF43002A2DCC /* ObjectTypeResponse.swift */,
				14E5C8CD1FD8E5E4002A2DCC /* WKROperation.swift */,
				149907431FD8743E00A61BE1 /* Main.storyboard */,
				149907461FD8743E00A61BE1 /* Assets.xcassets */,
				149907481FD8743E00A61BE1 /* LaunchScreen.storyboard */,
				1499074B1FD8743E00A61BE1 /* Info.plist */,
				1499076F1FD893D700A61BE1 /* SpotifyAuthentication.framework */,
				149907751FD894A200A61BE1 /* SpotifyShuffler-Bridging-Header.h */,
			);
			path = SpotifyShuffler;
			sourceTree = "<group>";
		};
/* End PBXGroup section */

/* Begin PBXNativeTarget section */
		1499073B1FD8743E00A61BE1 /* SpotifyShuffler */ = {
			isa = PBXNativeTarget;
			buildConfigurationList = 1499074E1FD8743E00A61BE1 /* Build configuration list for PBXNativeTarget "SpotifyShuffler" */;
			buildPhases = (
				149907381FD8743E00A61BE1 /* Sources */,
				149907391FD8743E00A61BE1 /* Frameworks */,
				1499073A1FD8743E00A61BE1 /* Resources */,
				149907681FD8925900A61BE1 /* Embed Frameworks */,
			);
			buildRules = (
			);
			dependencies = (
			);
			name = SpotifyShuffler;
			productName = SpotifyShuffler;
			productReference = 1499073C1FD8743E00A61BE1 /* SpotifyShuffler.app */;
			productType = "com.apple.product-type.application";
		};
/* End PBXNativeTarget section */

/* Begin PBXProject section */
		149907341FD8743E00A61BE1 /* Project object */ = {
			isa = PBXProject;
			attributes = {
				LastSwiftUpdateCheck = 0910;
				LastUpgradeCheck = 0920;
				ORGANIZATIONNAME = "Andrew Finke";
				TargetAttributes = {
					1499073B1FD8743E00A61BE1 = {
						CreatedOnToolsVersion = 9.1;
						LastSwiftMigration = 0910;
						ProvisioningStyle = Automatic;
					};
				};
			};
			buildConfigurationList = 149907371FD8743E00A61BE1 /* Build configuration list for PBXProject "SpotifyShuffler" */;
			compatibilityVersion = "Xcode 8.0";
			developmentRegion = en;
			hasScannedForEncodings = 0;
			knownRegions = (
				en,
				Base,
			);
			mainGroup = 149907331FD8743E00A61BE1;
			productRefGroup = 1499073D1FD8743E00A61BE1 /* Products */;
			projectDirPath = "";
			projectRoot = "";
			targets = (
				1499073B1FD8743E00A61BE1 /* SpotifyShuffler */,
			);
		};
/* End PBXProject section */

/* Begin PBXResourcesBuildPhase section */
		1499073A1FD8743E00A61BE1 /* Resources */ = {
			isa = PBXResourcesBuildPhase;
			buildActionMask = 2147483647;
			files = (
				1499074A1FD8743E00A61BE1 /* LaunchScreen.storyboard in Resources */,
				149907471FD8743E00A61BE1 /* Assets.xcassets in Resources */,
				149907451FD8743E00A61BE1 /* Main.storyboard in Resources */,
			);
			runOnlyForDeploymentPostprocessing = 0;
		};
/* End PBXResourcesBuildPhase section */

/* Begin PBXSourcesBuildPhase section */
		149907381FD8743E00A61BE1 /* Sources */ = {
			isa = PBXSourcesBuildPhase;
			buildActionMask = 2147483647;
			files = (
				149907521FD87B6600A61BE1 /* Defaults.swift in Sources */,
				14E5C8BC1FD8CF38002A2DCC /* TrackResponse.swift in Sources */,
				14E5C8C81FD8D09F002A2DCC /* DeviceResponse.swift in Sources */,
				149907541FD890C400A61BE1 /* Secrets.swift in Sources */,
				149907741FD8947800A61BE1 /* SpotifyManager.swift in Sources */,
				149907421FD8743E00A61BE1 /* ViewController.swift in Sources */,
				14E5C8C01FD8CF4C002A2DCC /* PlaylistItemResponse.swift in Sources */,
				14E5C8CA1FD8DBC5002A2DCC /* PlaylistResponse.swift in Sources */,
				14E5C8D01FD8E905002A2DCC /* ProfileResponse.swift in Sources */,
				14E5C8C61FD8CF7D002A2DCC /* PlaybackResponse.swift in Sources */,
				14E5C8C21FD8CF5B002A2DCC /* PlaylistTracksResponse.swift in Sources */,
				14E5C8CE1FD8E5E4002A2DCC /* WKROperation.swift in Sources */,
				149907401FD8743E00A61BE1 /* AppDelegate.swift in Sources */,
				14E5C8BE1FD8CF43002A2DCC /* ObjectTypeResponse.swift in Sources */,
				14E5C8C41FD8CF69002A2DCC /* ContextResponse.swift in Sources */,
			);
			runOnlyForDeploymentPostprocessing = 0;
		};
/* End PBXSourcesBuildPhase section */

/* Begin PBXVariantGroup section */
		149907431FD8743E00A61BE1 /* Main.storyboard */ = {
			isa = PBXVariantGroup;
			children = (
				149907441FD8743E00A61BE1 /* Base */,
			);
			name = Main.storyboard;
			sourceTree = "<group>";
		};
		149907481FD8743E00A61BE1 /* LaunchScreen.storyboard */ = {
			isa = PBXVariantGroup;
			children = (
				149907491FD8743E00A61BE1 /* Base */,
			);
			name = LaunchScreen.storyboard;
			sourceTree = "<group>";
		};
/* End PBXVariantGroup section */

/* Begin XCBuildConfiguration section */
		1499074C1FD8743E00A61BE1 /* Debug */ = {
			isa = XCBuildConfiguration;
			buildSettings = {
				ALWAYS_SEARCH_USER_PATHS = NO;
				CLANG_ANALYZER_NONNULL = YES;
				CLANG_ANALYZER_NUMBER_OBJECT_CONVERSION = YES_AGGRESSIVE;
				CLANG_CXX_LANGUAGE_STANDARD = "gnu++14";
				CLANG_CXX_LIBRARY = "libc++";
				CLANG_ENABLE_MODULES = YES;
				CLANG_ENABLE_OBJC_ARC = YES;
				CLANG_WARN_BLOCK_CAPTURE_AUTORELEASING = YES;
				CLANG_WARN_BOOL_CONVERSION = YES;
				CLANG_WARN_COMMA = YES;
				CLANG_WARN_CONSTANT_CONVERSION = YES;
				CLANG_WARN_DIRECT_OBJC_ISA_USAGE = YES_ERROR;
				CLANG_WARN_DOCUMENTATION_COMMENTS = YES;
				CLANG_WARN_EMPTY_BODY = YES;
				CLANG_WARN_ENUM_CONVERSION = YES;
				CLANG_WARN_INFINITE_RECURSION = YES;
				CLANG_WARN_INT_CONVERSION = YES;
				CLANG_WARN_NON_LITERAL_NULL_CONVERSION = YES;
				CLANG_WARN_OBJC_LITERAL_CONVERSION = YES;
				CLANG_WARN_OBJC_ROOT_CLASS = YES_ERROR;
				CLANG_WARN_RANGE_LOOP_ANALYSIS = YES;
				CLANG_WARN_STRICT_PROTOTYPES = YES;
				CLANG_WARN_SUSPICIOUS_MOVE = YES;
				CLANG_WARN_UNGUARDED_AVAILABILITY = YES_AGGRESSIVE;
				CLANG_WARN_UNREACHABLE_CODE = YES;
				CLANG_WARN__DUPLICATE_METHOD_MATCH = YES;
				CODE_SIGN_IDENTITY = "iPhone Developer";
				COPY_PHASE_STRIP = NO;
				DEBUG_INFORMATION_FORMAT = dwarf;
				ENABLE_STRICT_OBJC_MSGSEND = YES;
				ENABLE_TESTABILITY = YES;
				GCC_C_LANGUAGE_STANDARD = gnu11;
				GCC_DYNAMIC_NO_PIC = NO;
				GCC_NO_COMMON_BLOCKS = YES;
				GCC_OPTIMIZATION_LEVEL = 0;
				GCC_PREPROCESSOR_DEFINITIONS = (
					"DEBUG=1",
					"$(inherited)",
				);
				GCC_WARN_64_TO_32_BIT_CONVERSION = YES;
				GCC_WARN_ABOUT_RETURN_TYPE = YES_ERROR;
				GCC_WARN_UNDECLARED_SELECTOR = YES;
				GCC_WARN_UNINITIALIZED_AUTOS = YES_AGGRESSIVE;
				GCC_WARN_UNUSED_FUNCTION = YES;
				GCC_WARN_UNUSED_VARIABLE = YES;
				IPHONEOS_DEPLOYMENT_TARGET = 11.1;
				MTL_ENABLE_DEBUG_INFO = YES;
				ONLY_ACTIVE_ARCH = YES;
				SDKROOT = iphoneos;
				SWIFT_ACTIVE_COMPILATION_CONDITIONS = DEBUG;
				SWIFT_OPTIMIZATION_LEVEL = "-Onone";
			};
			name = Debug;
		};
		1499074D1FD8743E00A61BE1 /* Release */ = {
			isa = XCBuildConfiguration;
			buildSettings = {
				ALWAYS_SEARCH_USER_PATHS = NO;
				CLANG_ANALYZER_NONNULL = YES;
				CLANG_ANALYZER_NUMBER_OBJECT_CONVERSION = YES_AGGRESSIVE;
				CLANG_CXX_LANGUAGE_STANDARD = "gnu++14";
				CLANG_CXX_LIBRARY = "libc++";
				CLANG_ENABLE_MODULES = YES;
				CLANG_ENABLE_OBJC_ARC = YES;
				CLANG_WARN_BLOCK_CAPTURE_AUTORELEASING = YES;
				CLANG_WARN_BOOL_CONVERSION = YES;
				CLANG_WARN_COMMA = YES;
				CLANG_WARN_CONSTANT_CONVERSION = YES;
				CLANG_WARN_DIRECT_OBJC_ISA_USAGE = YES_ERROR;
				CLANG_WARN_DOCUMENTATION_COMMENTS = YES;
				CLANG_WARN_EMPTY_BODY = YES;
				CLANG_WARN_ENUM_CONVERSION = YES;
				CLANG_WARN_INFINITE_RECURSION = YES;
				CLANG_WARN_INT_CONVERSION = YES;
				CLANG_WARN_NON_LITERAL_NULL_CONVERSION = YES;
				CLANG_WARN_OBJC_LITERAL_CONVERSION = YES;
				CLANG_WARN_OBJC_ROOT_CLASS = YES_ERROR;
				CLANG_WARN_RANGE_LOOP_ANALYSIS = YES;
				CLANG_WARN_STRICT_PROTOTYPES = YES;
				CLANG_WARN_SUSPICIOUS_MOVE = YES;
				CLANG_WARN_UNGUARDED_AVAILABILITY = YES_AGGRESSIVE;
				CLANG_WARN_UNREACHABLE_CODE = YES;
				CLANG_WARN__DUPLICATE_METHOD_MATCH = YES;
				CODE_SIGN_IDENTITY = "iPhone Developer";
				COPY_PHASE_STRIP = NO;
				DEBUG_INFORMATION_FORMAT = "dwarf-with-dsym";
				ENABLE_NS_ASSERTIONS = NO;
				ENABLE_STRICT_OBJC_MSGSEND = YES;
				GCC_C_LANGUAGE_STANDARD = gnu11;
				GCC_NO_COMMON_BLOCKS = YES;
				GCC_WARN_64_TO_32_BIT_CONVERSION = YES;
				GCC_WARN_ABOUT_RETURN_TYPE = YES_ERROR;
				GCC_WARN_UNDECLARED_SELECTOR = YES;
				GCC_WARN_UNINITIALIZED_AUTOS = YES_AGGRESSIVE;
				GCC_WARN_UNUSED_FUNCTION = YES;
				GCC_WARN_UNUSED_VARIABLE = YES;
				IPHONEOS_DEPLOYMENT_TARGET = 11.1;
				MTL_ENABLE_DEBUG_INFO = NO;
				SDKROOT = iphoneos;
				SWIFT_OPTIMIZATION_LEVEL = "-Owholemodule";
				VALIDATE_PRODUCT = YES;
			};
			name = Release;
		};
		1499074F1FD8743E00A61BE1 /* Debug */ = {
			isa = XCBuildConfiguration;
			buildSettings = {
				ASSETCATALOG_COMPILER_APPICON_NAME = AppIcon;
				CLANG_ENABLE_MODULES = YES;
				CODE_SIGN_STYLE = Automatic;
				DEVELOPMENT_TEAM = 72S993BNAV;
				FRAMEWORK_SEARCH_PATHS = (
					"$(PROJECT_DIR)",
					"$(PROJECT_DIR)/SpotifyShuffler",
					"$(PROJECT_DIR)/SpotifyShuffler/Spotify",
				);
				INFOPLIST_FILE = SpotifyShuffler/Info.plist;
				LD_RUNPATH_SEARCH_PATHS = "$(inherited) @executable_path/Frameworks";
				PRODUCT_BUNDLE_IDENTIFIER = com.andrewfinke.SpotifyShuffler;
				PRODUCT_NAME = "$(TARGET_NAME)";
				SWIFT_OBJC_BRIDGING_HEADER = "SpotifyShuffler/SpotifyShuffler-Bridging-Header.h";
				SWIFT_OPTIMIZATION_LEVEL = "-Onone";
				SWIFT_VERSION = 4.0;
				TARGETED_DEVICE_FAMILY = "1,2";
			};
			name = Debug;
		};
		149907501FD8743E00A61BE1 /* Release */ = {
			isa = XCBuildConfiguration;
			buildSettings = {
				ASSETCATALOG_COMPILER_APPICON_NAME = AppIcon;
				CLANG_ENABLE_MODULES = YES;
				CODE_SIGN_STYLE = Automatic;
				DEVELOPMENT_TEAM = 72S993BNAV;
				FRAMEWORK_SEARCH_PATHS = (
					"$(PROJECT_DIR)",
					"$(PROJECT_DIR)/SpotifyShuffler",
					"$(PROJECT_DIR)/SpotifyShuffler/Spotify",
				);
				INFOPLIST_FILE = SpotifyShuffler/Info.plist;
				LD_RUNPATH_SEARCH_PATHS = "$(inherited) @executable_path/Frameworks";
				PRODUCT_BUNDLE_IDENTIFIER = com.andrewfinke.SpotifyShuffler;
				PRODUCT_NAME = "$(TARGET_NAME)";
				SWIFT_OBJC_BRIDGING_HEADER = "SpotifyShuffler/SpotifyShuffler-Bridging-Header.h";
				SWIFT_VERSION = 4.0;
				TARGETED_DEVICE_FAMILY = "1,2";
			};
			name = Release;
		};
/* End XCBuildConfiguration section */

/* Begin XCConfigurationList section */
		149907371FD8743E00A61BE1 /* Build configuration list for PBXProject "SpotifyShuffler" */ = {
			isa = XCConfigurationList;
			buildConfigurations = (
				1499074C1FD8743E00A61BE1 /* Debug */,
				1499074D1FD8743E00A61BE1 /* Release */,
			);
			defaultConfigurationIsVisible = 0;
			defaultConfigurationName = Release;
		};
		1499074E1FD8743E00A61BE1 /* Build configuration list for PBXNativeTarget "SpotifyShuffler" */ = {
			isa = XCConfigurationList;
			buildConfigurations = (
				1499074F1FD8743E00A61BE1 /* Debug */,
				149907501FD8743E00A61BE1 /* Release */,
			);
			defaultConfigurationIsVisible = 0;
			defaultConfigurationName = Release;
		};
/* End XCConfigurationList section */
	};
	rootObject = 149907341FD8743E00A61BE1 /* Project object */;
}
